
Microsoft Visual Studio Solution File, Format Version 12.00
# Visual Studio Version 16
VisualStudioVersion = 16.0.31729.503
MinimumVisualStudioVersion = 10.0.40219.1
Project("{FAE04EC0-301F-11D3-BF4B-00C04F79EFBC}") = "Class1Nitya", "Class1Nitya.csproj", "{F6AE2DDB-3375-4999-9254-DC52C72669AA}"
EndProject
Global
	GlobalSection(SolutionConfigurationPlatforms) = preSolution
		Debug|Any CPU = Debug|Any CPU
		Release|Any CPU = Release|Any CPU
	EndGlobalSection
	GlobalSection(ProjectConfigurationPlatforms) = postSolution
		{F6AE2DDB-3375-4999-9254-DC52C72669AA}.Debug|Any CPU.ActiveCfg = Debug|Any CPU
		{F6AE2DDB-3375-4999-9254-DC52C72669AA}.Debug|Any CPU.Build.0 = Debug|Any CPU
		{F6AE2DDB-3375-4999-9254-DC52C72669AA}.Release|Any CPU.ActiveCfg = Release|Any CPU
		{F6AE2DDB-3375-4999-9254-DC52C72669AA}.Release|Any CPU.Build.0 = Release|Any CPU
	EndGlobalSection
	GlobalSection(SolutionProperties) = preSolution
		HideSolutionNode = FALSE
	EndGlobalSection
	GlobalSection(ExtensibilityGlobals) = postSolution
		SolutionGuid = {7443FAD0-2BB3-404E-B54F-2C3D49FEF2B3}
	EndGlobalSection
EndGlobal
